// !$*UTF8*$!
{
	archiveVersion = 1;
	classes = {
	};
	objectVersion = 50;
	objects = {

/* Begin PBXBuildFile section */
		E267A584227ED1B500A3BA92 /* AppDelegate.m in Sources */ = {isa = PBXBuildFile; fileRef = E267A583227ED1B500A3BA92 /* AppDelegate.m */; };
		E267A587227ED1B500A3BA92 /* ViewController.m in Sources */ = {isa = PBXBuildFile; fileRef = E267A586227ED1B500A3BA92 /* ViewController.m */; };
		E267A58A227ED1B500A3BA92 /* Main.storyboard in Resources */ = {isa = PBXBuildFile; fileRef = E267A588227ED1B500A3BA92 /* Main.storyboard */; };
		E267A58C227ED1B600A3BA92 /* Assets.xcassets in Resources */ = {isa = PBXBuildFile; fileRef = E267A58B227ED1B600A3BA92 /* Assets.xcassets */; };
		E267A58F227ED1B600A3BA92 /* LaunchScreen.storyboard in Resources */ = {isa = PBXBuildFile; fileRef = E267A58D227ED1B600A3BA92 /* LaunchScreen.storyboard */; };
		E267A592227ED1B600A3BA92 /* main.m in Sources */ = {isa = PBXBuildFile; fileRef = E267A591227ED1B600A3BA92 /* main.m */; };
		E267A59A227ED20E00A3BA92 /* KDAppointModel.m in Sources */ = {isa = PBXBuildFile; fileRef = E267A598227ED20E00A3BA92 /* KDAppointModel.m */; };
		E267A5A2227ED26C00A3BA92 /* KDAppointMainCell.m in Sources */ = {isa = PBXBuildFile; fileRef = E267A59F227ED26C00A3BA92 /* KDAppointMainCell.m */; };
		E267A5A3227ED26C00A3BA92 /* KDAppointPhotosView.m in Sources */ = {isa = PBXBuildFile; fileRef = E267A5A0227ED26C00A3BA92 /* KDAppointPhotosView.m */; };
		E267A5BE227ED2CA00A3BA92 /* NSLayoutConstraint+MASDebugAdditions.m in Sources */ = {isa = PBXBuildFile; fileRef = E267A5A6227ED2C900A3BA92 /* NSLayoutConstraint+MASDebugAdditions.m */; };
		E267A5BF227ED2CA00A3BA92 /* ViewController+MASAdditions.m in Sources */ = {isa = PBXBuildFile; fileRef = E267A5AF227ED2C900A3BA92 /* ViewController+MASAdditions.m */; };
		E267A5C0227ED2CA00A3BA92 /* MASCompositeConstraint.m in Sources */ = {isa = PBXBuildFile; fileRef = E267A5B3227ED2C900A3BA92 /* MASCompositeConstraint.m */; };
		E267A5C1227ED2CA00A3BA92 /* MASConstraintMaker.m in Sources */ = {isa = PBXBuildFile; fileRef = E267A5B4227ED2C900A3BA92 /* MASConstraintMaker.m */; };
		E267A5C2227ED2CA00A3BA92 /* MASLayoutConstraint.m in Sources */ = {isa = PBXBuildFile; fileRef = E267A5B5227ED2C900A3BA92 /* MASLayoutConstraint.m */; };
		E267A5C3227ED2CA00A3BA92 /* NSArray+MASAdditions.m in Sources */ = {isa = PBXBuildFile; fileRef = E267A5B6227ED2C900A3BA92 /* NSArray+MASAdditions.m */; };
		E267A5C4227ED2CA00A3BA92 /* View+MASAdditions.m in Sources */ = {isa = PBXBuildFile; fileRef = E267A5B7227ED2C900A3BA92 /* View+MASAdditions.m */; };
		E267A5C5227ED2CA00A3BA92 /* MASConstraint.m in Sources */ = {isa = PBXBuildFile; fileRef = E267A5BA227ED2C900A3BA92 /* MASConstraint.m */; };
		E267A5C6227ED2CA00A3BA92 /* MASViewConstraint.m in Sources */ = {isa = PBXBuildFile; fileRef = E267A5BC227ED2C900A3BA92 /* MASViewConstraint.m */; };
		E267A5C7227ED2CA00A3BA92 /* MASViewAttribute.m in Sources */ = {isa = PBXBuildFile; fileRef = E267A5BD227ED2C900A3BA92 /* MASViewAttribute.m */; };
		E267A5CA227ED3C500A3BA92 /* UILabel+Extension.m in Sources */ = {isa = PBXBuildFile; fileRef = E267A5C8227ED3C500A3BA92 /* UILabel+Extension.m */; };
		E267A5CD227ED3CF00A3BA92 /* UIButton+Extension.m in Sources */ = {isa = PBXBuildFile; fileRef = E267A5CC227ED3CF00A3BA92 /* UIButton+Extension.m */; };
		E267A639227ED6E500A3BA92 /* UIColor+Hex.m in Sources */ = {isa = PBXBuildFile; fileRef = E267A638227ED6E500A3BA92 /* UIColor+Hex.m */; };
/* End PBXBuildFile section */

/* Begin PBXFileReference section */
		E267A57F227ED1B500A3BA92 /* demo.app */ = {isa = PBXFileReference; explicitFileType = wrapper.application; includeInIndex = 0; path = demo.app; sourceTree = BUILT_PRODUCTS_DIR; };
		E267A582227ED1B500A3BA92 /* AppDelegate.h */ = {isa = PBXFileReference; lastKnownFileType = sourcecode.c.h; path = AppDelegate.h; sourceTree = "<group>"; };
		E267A583227ED1B500A3BA92 /* AppDelegate.m */ = {isa = PBXFileReference; lastKnownFileType = sourcecode.c.objc; path = AppDelegate.m; sourceTree = "<group>"; };
		E267A585227ED1B500A3BA92 /* ViewController.h */ = {isa = PBXFileReference; lastKnownFileType = sourcecode.c.h; path = ViewController.h; sourceTree = "<group>"; };
		E267A586227ED1B500A3BA92 /* ViewController.m */ = {isa = PBXFileReference; lastKnownFileType = sourcecode.c.objc; path = ViewController.m; sourceTree = "<group>"; };
		E267A589227ED1B500A3BA92 /* Base */ = {isa = PBXFileReference; lastKnownFileType = file.storyboard; name = Base; path = Base.lproj/Main.storyboard; sourceTree = "<group>"; };
		E267A58B227ED1B600A3BA92 /* Assets.xcassets */ = {isa = PBXFileReference; lastKnownFileType = folder.assetcatalog; path = Assets.xcassets; sourceTree = "<group>"; };
		E267A58E227ED1B600A3BA92 /* Base */ = {isa = PBXFileReference; lastKnownFileType = file.storyboard; name = Base; path = Base.lproj/LaunchScreen.storyboard; sourceTree = "<group>"; };
		E267A590227ED1B600A3BA92 /* Info.plist */ = {isa = PBXFileReference; lastKnownFileType = text.plist.xml; path = Info.plist; sourceTree = "<group>"; };
		E267A591227ED1B600A3BA92 /* main.m */ = {isa = PBXFileReference; lastKnownFileType = sourcecode.c.objc; path = main.m; sourceTree = "<group>"; };
		E267A598227ED20E00A3BA92 /* KDAppointModel.m */ = {isa = PBXFileReference; fileEncoding = 4; lastKnownFileType = sourcecode.c.objc; path = KDAppointModel.m; sourceTree = "<group>"; };
		E267A599227ED20E00A3BA92 /* KDAppointModel.h */ = {isa = PBXFileReference; fileEncoding = 4; lastKnownFileType = sourcecode.c.h; path = KDAppointModel.h; sourceTree = "<group>"; };
		E267A59E227ED26C00A3BA92 /* KDAppointPhotosView.h */ = {isa = PBXFileReference; fileEncoding = 4; lastKnownFileType = sourcecode.c.h; path = KDAppointPhotosView.h; sourceTree = "<group>"; };
		E267A59F227ED26C00A3BA92 /* KDAppointMainCell.m */ = {isa = PBXFileReference; fileEncoding = 4; lastKnownFileType = sourcecode.c.objc; path = KDAppointMainCell.m; sourceTree = "<group>"; };
		E267A5A0227ED26C00A3BA92 /* KDAppointPhotosView.m */ = {isa = PBXFileReference; fileEncoding = 4; lastKnownFileType = sourcecode.c.objc; path = KDAppointPhotosView.m; sourceTree = "<group>"; };
		E267A5A1227ED26C00A3BA92 /* KDAppointMainCell.h */ = {isa = PBXFileReference; fileEncoding = 4; lastKnownFileType = sourcecode.c.h; path = KDAppointMainCell.h; sourceTree = "<group>"; };
		E267A5A5227ED2C900A3BA92 /* MASCompositeConstraint.h */ = {isa = PBXFileReference; fileEncoding = 4; lastKnownFileType = sourcecode.c.h; path = MASCompositeConstraint.h; sourceTree = "<group>"; };
		E267A5A6227ED2C900A3BA92 /* NSLayoutConstraint+MASDebugAdditions.m */ = {isa = PBXFileReference; fileEncoding = 4; lastKnownFileType = sourcecode.c.objc; path = "NSLayoutConstraint+MASDebugAdditions.m"; sourceTree = "<group>"; };
		E267A5A7227ED2C900A3BA92 /* MASConstraint+Private.h */ = {isa = PBXFileReference; fileEncoding = 4; lastKnownFileType = sourcecode.c.h; path = "MASConstraint+Private.h"; sourceTree = "<group>"; };
		E267A5A8227ED2C900A3BA92 /* MASLayoutConstraint.h */ = {isa = PBXFileReference; fileEncoding = 4; lastKnownFileType = sourcecode.c.h; path = MASLayoutConstraint.h; sourceTree = "<group>"; };
		E267A5A9227ED2C900A3BA92 /* NSArray+MASShorthandAdditions.h */ = {isa = PBXFileReference; fileEncoding = 4; lastKnownFileType = sourcecode.c.h; path = "NSArray+MASShorthandAdditions.h"; sourceTree = "<group>"; };
		E267A5AA227ED2C900A3BA92 /* MASConstraintMaker.h */ = {isa = PBXFileReference; fileEncoding = 4; lastKnownFileType = sourcecode.c.h; path = MASConstraintMaker.h; sourceTree = "<group>"; };
		E267A5AB227ED2C900A3BA92 /* View+MASAdditions.h */ = {isa = PBXFileReference; fileEncoding = 4; lastKnownFileType = sourcecode.c.h; path = "View+MASAdditions.h"; sourceTree = "<group>"; };
		E267A5AC227ED2C900A3BA92 /* NSArray+MASAdditions.h */ = {isa = PBXFileReference; fileEncoding = 4; lastKnownFileType = sourcecode.c.h; path = "NSArray+MASAdditions.h"; sourceTree = "<group>"; };
		E267A5AD227ED2C900A3BA92 /* MASUtilities.h */ = {isa = PBXFileReference; fileEncoding = 4; lastKnownFileType = sourcecode.c.h; path = MASUtilities.h; sourceTree = "<group>"; };
		E267A5AE227ED2C900A3BA92 /* MASViewAttribute.h */ = {isa = PBXFileReference; fileEncoding = 4; lastKnownFileType = sourcecode.c.h; path = MASViewAttribute.h; sourceTree = "<group>"; };
		E267A5AF227ED2C900A3BA92 /* ViewController+MASAdditions.m */ = {isa = PBXFileReference; fileEncoding = 4; lastKnownFileType = sourcecode.c.objc; path = "ViewController+MASAdditions.m"; sourceTree = "<group>"; };
		E267A5B0227ED2C900A3BA92 /* MASViewConstraint.h */ = {isa = PBXFileReference; fileEncoding = 4; lastKnownFileType = sourcecode.c.h; path = MASViewConstraint.h; sourceTree = "<group>"; };
		E267A5B1227ED2C900A3BA92 /* MASConstraint.h */ = {isa = PBXFileReference; fileEncoding = 4; lastKnownFileType = sourcecode.c.h; path = MASConstraint.h; sourceTree = "<group>"; };
		E267A5B2227ED2C900A3BA92 /* NSLayoutConstraint+MASDebugAdditions.h */ = {isa = PBXFileReference; fileEncoding = 4; lastKnownFileType = sourcecode.c.h; path = "NSLayoutConstraint+MASDebugAdditions.h"; sourceTree = "<group>"; };
		E267A5B3227ED2C900A3BA92 /* MASCompositeConstraint.m */ = {isa = PBXFileReference; fileEncoding = 4; lastKnownFileType = sourcecode.c.objc; path = MASCompositeConstraint.m; sourceTree = "<group>"; };
		E267A5B4227ED2C900A3BA92 /* MASConstraintMaker.m */ = {isa = PBXFileReference; fileEncoding = 4; lastKnownFileType = sourcecode.c.objc; path = MASConstraintMaker.m; sourceTree = "<group>"; };
		E267A5B5227ED2C900A3BA92 /* MASLayoutConstraint.m */ = {isa = PBXFileReference; fileEncoding = 4; lastKnownFileType = sourcecode.c.objc; path = MASLayoutConstraint.m; sourceTree = "<group>"; };
		E267A5B6227ED2C900A3BA92 /* NSArray+MASAdditions.m */ = {isa = PBXFileReference; fileEncoding = 4; lastKnownFileType = sourcecode.c.objc; path = "NSArray+MASAdditions.m"; sourceTree = "<group>"; };
		E267A5B7227ED2C900A3BA92 /* View+MASAdditions.m */ = {isa = PBXFileReference; fileEncoding = 4; lastKnownFileType = sourcecode.c.objc; path = "View+MASAdditions.m"; sourceTree = "<group>"; };
		E267A5B8227ED2C900A3BA92 /* View+MASShorthandAdditions.h */ = {isa = PBXFileReference; fileEncoding = 4; lastKnownFileType = sourcecode.c.h; path = "View+MASShorthandAdditions.h"; sourceTree = "<group>"; };
		E267A5B9227ED2C900A3BA92 /* Masonry.h */ = {isa = PBXFileReference; fileEncoding = 4; lastKnownFileType = sourcecode.c.h; path = Masonry.h; sourceTree = "<group>"; };
		E267A5BA227ED2C900A3BA92 /* MASConstraint.m */ = {isa = PBXFileReference; fileEncoding = 4; lastKnownFileType = sourcecode.c.objc; path = MASConstraint.m; sourceTree = "<group>"; };
		E267A5BB227ED2C900A3BA92 /* ViewController+MASAdditions.h */ = {isa = PBXFileReference; fileEncoding = 4; lastKnownFileType = sourcecode.c.h; path = "ViewController+MASAdditions.h"; sourceTree = "<group>"; };
		E267A5BC227ED2C900A3BA92 /* MASViewConstraint.m */ = {isa = PBXFileReference; fileEncoding = 4; lastKnownFileType = sourcecode.c.objc; path = MASViewConstraint.m; sourceTree = "<group>"; };
		E267A5BD227ED2C900A3BA92 /* MASViewAttribute.m */ = {isa = PBXFileReference; fileEncoding = 4; lastKnownFileType = sourcecode.c.objc; path = MASViewAttribute.m; sourceTree = "<group>"; };
		E267A5C8227ED3C500A3BA92 /* UILabel+Extension.m */ = {isa = PBXFileReference; fileEncoding = 4; lastKnownFileType = sourcecode.c.objc; path = "UILabel+Extension.m"; sourceTree = "<group>"; };
		E267A5C9227ED3C500A3BA92 /* UILabel+Extension.h */ = {isa = PBXFileReference; fileEncoding = 4; lastKnownFileType = sourcecode.c.h; path = "UILabel+Extension.h"; sourceTree = "<group>"; };
		E267A5CB227ED3CF00A3BA92 /* UIButton+Extension.h */ = {isa = PBXFileReference; fileEncoding = 4; lastKnownFileType = sourcecode.c.h; path = "UIButton+Extension.h"; sourceTree = "<group>"; };
		E267A5CC227ED3CF00A3BA92 /* UIButton+Extension.m */ = {isa = PBXFileReference; fileEncoding = 4; lastKnownFileType = sourcecode.c.objc; path = "UIButton+Extension.m"; sourceTree = "<group>"; };
		E267A637227ED6E500A3BA92 /* UIColor+Hex.h */ = {isa = PBXFileReference; fileEncoding = 4; lastKnownFileType = sourcecode.c.h; path = "UIColor+Hex.h"; sourceTree = "<group>"; };
		E267A638227ED6E500A3BA92 /* UIColor+Hex.m */ = {isa = PBXFileReference; fileEncoding = 4; lastKnownFileType = sourcecode.c.objc; path = "UIColor+Hex.m"; sourceTree = "<group>"; };
/* End PBXFileReference section */

/* Begin PBXFrameworksBuildPhase section */
		E267A57C227ED1B500A3BA92 /* Frameworks */ = {
			isa = PBXFrameworksBuildPhase;
			buildActionMask = 2147483647;
			files = (
			);
			runOnlyForDeploymentPostprocessing = 0;
		};
/* End PBXFrameworksBuildPhase section */

/* Begin PBXGroup section */
		E267A576227ED1B500A3BA92 = {
			isa = PBXGroup;
			children = (
				E267A581227ED1B500A3BA92 /* demo */,
				E267A580227ED1B500A3BA92 /* Products */,
			);
			sourceTree = "<group>";
		};
		E267A580227ED1B500A3BA92 /* Products */ = {
			isa = PBXGroup;
			children = (
				E267A57F227ED1B500A3BA92 /* demo.app */,
			);
			name = Products;
			sourceTree = "<group>";
		};
		E267A581227ED1B500A3BA92 /* demo */ = {
			isa = PBXGroup;
			children = (
				E267A637227ED6E500A3BA92 /* UIColor+Hex.h */,
				E267A638227ED6E500A3BA92 /* UIColor+Hex.m */,
				E267A5CB227ED3CF00A3BA92 /* UIButton+Extension.h */,
				E267A5CC227ED3CF00A3BA92 /* UIButton+Extension.m */,
				E267A5C9227ED3C500A3BA92 /* UILabel+Extension.h */,
				E267A5C8227ED3C500A3BA92 /* UILabel+Extension.m */,
				E267A5A4227ED2C900A3BA92 /* Masonry */,
				E267A5A1227ED26C00A3BA92 /* KDAppointMainCell.h */,
				E267A59F227ED26C00A3BA92 /* KDAppointMainCell.m */,
				E267A59E227ED26C00A3BA92 /* KDAppointPhotosView.h */,
				E267A5A0227ED26C00A3BA92 /* KDAppointPhotosView.m */,
				E267A599227ED20E00A3BA92 /* KDAppointModel.h */,
				E267A598227ED20E00A3BA92 /* KDAppointModel.m */,
				E267A582227ED1B500A3BA92 /* AppDelegate.h */,
				E267A583227ED1B500A3BA92 /* AppDelegate.m */,
				E267A585227ED1B500A3BA92 /* ViewController.h */,
				E267A586227ED1B500A3BA92 /* ViewController.m */,
				E267A588227ED1B500A3BA92 /* Main.storyboard */,
				E267A58B227ED1B600A3BA92 /* Assets.xcassets */,
				E267A58D227ED1B600A3BA92 /* LaunchScreen.storyboard */,
				E267A590227ED1B600A3BA92 /* Info.plist */,
				E267A591227ED1B600A3BA92 /* main.m */,
			);
			path = demo;
			sourceTree = "<group>";
		};
		E267A5A4227ED2C900A3BA92 /* Masonry */ = {
			isa = PBXGroup;
			children = (
				E267A5A5227ED2C900A3BA92 /* MASCompositeConstraint.h */,
				E267A5A6227ED2C900A3BA92 /* NSLayoutConstraint+MASDebugAdditions.m */,
				E267A5A7227ED2C900A3BA92 /* MASConstraint+Private.h */,
				E267A5A8227ED2C900A3BA92 /* MASLayoutConstraint.h */,
				E267A5A9227ED2C900A3BA92 /* NSArray+MASShorthandAdditions.h */,
				E267A5AA227ED2C900A3BA92 /* MASConstraintMaker.h */,
				E267A5AB227ED2C900A3BA92 /* View+MASAdditions.h */,
				E267A5AC227ED2C900A3BA92 /* NSArray+MASAdditions.h */,
				E267A5AD227ED2C900A3BA92 /* MASUtilities.h */,
				E267A5AE227ED2C900A3BA92 /* MASViewAttribute.h */,
				E267A5AF227ED2C900A3BA92 /* ViewController+MASAdditions.m */,
				E267A5B0227ED2C900A3BA92 /* MASViewConstraint.h */,
				E267A5B1227ED2C900A3BA92 /* MASConstraint.h */,
				E267A5B2227ED2C900A3BA92 /* NSLayoutConstraint+MASDebugAdditions.h */,
				E267A5B3227ED2C900A3BA92 /* MASCompositeConstraint.m */,
				E267A5B4227ED2C900A3BA92 /* MASConstraintMaker.m */,
				E267A5B5227ED2C900A3BA92 /* MASLayoutConstraint.m */,
				E267A5B6227ED2C900A3BA92 /* NSArray+MASAdditions.m */,
				E267A5B7227ED2C900A3BA92 /* View+MASAdditions.m */,
				E267A5B8227ED2C900A3BA92 /* View+MASShorthandAdditions.h */,
				E267A5B9227ED2C900A3BA92 /* Masonry.h */,
				E267A5BA227ED2C900A3BA92 /* MASConstraint.m */,
				E267A5BB227ED2C900A3BA92 /* ViewController+MASAdditions.h */,
				E267A5BC227ED2C900A3BA92 /* MASViewConstraint.m */,
				E267A5BD227ED2C900A3BA92 /* MASViewAttribute.m */,
			);
			path = Masonry;
			sourceTree = "<group>";
		};
/* End PBXGroup section */

/* Begin PBXNativeTarget section */
		E267A57E227ED1B500A3BA92 /* demo */ = {
			isa = PBXNativeTarget;
			buildConfigurationList = E267A595227ED1B600A3BA92 /* Build configuration list for PBXNativeTarget "demo" */;
			buildPhases = (
				E267A57B227ED1B500A3BA92 /* Sources */,
				E267A57C227ED1B500A3BA92 /* Frameworks */,
				E267A57D227ED1B500A3BA92 /* Resources */,
			);
			buildRules = (
			);
			dependencies = (
			);
			name = demo;
			productName = demo;
			productReference = E267A57F227ED1B500A3BA92 /* demo.app */;
			productType = "com.apple.product-type.application";
		};
/* End PBXNativeTarget section */

/* Begin PBXProject section */
		E267A577227ED1B500A3BA92 /* Project object */ = {
			isa = PBXProject;
			attributes = {
				LastUpgradeCheck = 1020;
				ORGANIZATIONNAME = dcjf;
				TargetAttributes = {
					E267A57E227ED1B500A3BA92 = {
						CreatedOnToolsVersion = 10.2.1;
					};
				};
			};
			buildConfigurationList = E267A57A227ED1B500A3BA92 /* Build configuration list for PBXProject "demo" */;
			compatibilityVersion = "Xcode 9.3";
			developmentRegion = en;
			hasScannedForEncodings = 0;
			knownRegions = (
				en,
				Base,
			);
			mainGroup = E267A576227ED1B500A3BA92;
			productRefGroup = E267A580227ED1B500A3BA92 /* Products */;
			projectDirPath = "";
			projectRoot = "";
			targets = (
				E267A57E227ED1B500A3BA92 /* demo */,
			);
		};
/* End PBXProject section */

/* Begin PBXResourcesBuildPhase section */
		E267A57D227ED1B500A3BA92 /* Resources */ = {
			isa = PBXResourcesBuildPhase;
			buildActionMask = 2147483647;
			files = (
				E267A58F227ED1B600A3BA92 /* LaunchScreen.storyboard in Resources */,
				E267A58C227ED1B600A3BA92 /* Assets.xcassets in Resources */,
				E267A58A227ED1B500A3BA92 /* Main.storyboard in Resources */,
			);
			runOnlyForDeploymentPostprocessing = 0;
		};
/* End PBXResourcesBuildPhase section */

/* Begin PBXSourcesBuildPhase section */
		E267A57B227ED1B500A3BA92 /* Sources */ = {
			isa = PBXSourcesBuildPhase;
			buildActionMask = 2147483647;
			files = (
				E267A5C6227ED2CA00A3BA92 /* MASViewConstraint.m in Sources */,
				E267A639227ED6E500A3BA92 /* UIColor+Hex.m in Sources */,
				E267A587227ED1B500A3BA92 /* ViewController.m in Sources */,
				E267A5C1227ED2CA00A3BA92 /* MASConstraintMaker.m in Sources */,
				E267A592227ED1B600A3BA92 /* main.m in Sources */,
				E267A5BF227ED2CA00A3BA92 /* ViewController+MASAdditions.m in Sources */,
				E267A5BE227ED2CA00A3BA92 /* NSLayoutConstraint+MASDebugAdditions.m in Sources */,
				E267A5C0227ED2CA00A3BA92 /* MASCompositeConstraint.m in Sources */,
				E267A5CD227ED3CF00A3BA92 /* UIButton+Extension.m in Sources */,
				E267A5A3227ED26C00A3BA92 /* KDAppointPhotosView.m in Sources */,
				E267A5C2227ED2CA00A3BA92 /* MASLayoutConstraint.m in Sources */,
				E267A5C4227ED2CA00A3BA92 /* View+MASAdditions.m in Sources */,
				E267A5C3227ED2CA00A3BA92 /* NSArray+MASAdditions.m in Sources */,
				E267A5A2227ED26C00A3BA92 /* KDAppointMainCell.m in Sources */,
				E267A5CA227ED3C500A3BA92 /* UILabel+Extension.m in Sources */,
				E267A59A227ED20E00A3BA92 /* KDAppointModel.m in Sources */,
				E267A5C7227ED2CA00A3BA92 /* MASViewAttribute.m in Sources */,
				E267A5C5227ED2CA00A3BA92 /* MASConstraint.m in Sources */,
				E267A584227ED1B500A3BA92 /* AppDelegate.m in Sources */,
			);
			runOnlyForDeploymentPostprocessing = 0;
		};
/* End PBXSourcesBuildPhase section */

/* Begin PBXVariantGroup section */
		E267A588227ED1B500A3BA92 /* Main.storyboard */ = {
			isa = PBXVariantGroup;
			children = (
				E267A589227ED1B500A3BA92 /* Base */,
			);
			name = Main.storyboard;
			sourceTree = "<group>";
		};
		E267A58D227ED1B600A3BA92 /* LaunchScreen.storyboard */ = {
			isa = PBXVariantGroup;
			children = (
				E267A58E227ED1B600A3BA92 /* Base */,
			);
			name = LaunchScreen.storyboard;
			sourceTree = "<group>";
		};
/* End PBXVariantGroup section */

/* Begin XCBuildConfiguration section */
		E267A593227ED1B600A3BA92 /* Debug */ = {
			isa = XCBuildConfiguration;
			buildSettings = {
				ALWAYS_SEARCH_USER_PATHS = NO;
				CLANG_ANALYZER_NONNULL = YES;
				CLANG_ANALYZER_NUMBER_OBJECT_CONVERSION = YES_AGGRESSIVE;
				CLANG_CXX_LANGUAGE_STANDARD = "gnu++14";
				CLANG_CXX_LIBRARY = "libc++";
				CLANG_ENABLE_MODULES = YES;
				CLANG_ENABLE_OBJC_ARC = YES;
				CLANG_ENABLE_OBJC_WEAK = YES;
				CLANG_WARN_BLOCK_CAPTURE_AUTORELEASING = YES;
				CLANG_WARN_BOOL_CONVERSION = YES;
				CLANG_WARN_COMMA = YES;
				CLANG_WARN_CONSTANT_CONVERSION = YES;
				CLANG_WARN_DEPRECATED_OBJC_IMPLEMENTATIONS = YES;
				CLANG_WARN_DIRECT_OBJC_ISA_USAGE = YES_ERROR;
				CLANG_WARN_DOCUMENTATION_COMMENTS = YES;
				CLANG_WARN_EMPTY_BODY = YES;
				CLANG_WARN_ENUM_CONVERSION = YES;
				CLANG_WARN_INFINITE_RECURSION = YES;
				CLANG_WARN_INT_CONVERSION = YES;
				CLANG_WARN_NON_LITERAL_NULL_CONVERSION = YES;
				CLANG_WARN_OBJC_IMPLICIT_RETAIN_SELF = YES;
				CLANG_WARN_OBJC_LITERAL_CONVERSION = YES;
				CLANG_WARN_OBJC_ROOT_CLASS = YES_ERROR;
				CLANG_WARN_RANGE_LOOP_ANALYSIS = YES;
				CLANG_WARN_STRICT_PROTOTYPES = YES;
				CLANG_WARN_SUSPICIOUS_MOVE = YES;
				CLANG_WARN_UNGUARDED_AVAILABILITY = YES_AGGRESSIVE;
				CLANG_WARN_UNREACHABLE_CODE = YES;
				CLANG_WARN__DUPLICATE_METHOD_MATCH = YES;
				CODE_SIGN_IDENTITY = "iPhone Developer";
				COPY_PHASE_STRIP = NO;
				DEBUG_INFORMATION_FORMAT = dwarf;
				ENABLE_STRICT_OBJC_MSGSEND = YES;
				ENABLE_TESTABILITY = YES;
				GCC_C_LANGUAGE_STANDARD = gnu11;
				GCC_DYNAMIC_NO_PIC = NO;
				GCC_NO_COMMON_BLOCKS = YES;
				GCC_OPTIMIZATION_LEVEL = 0;
				GCC_PREPROCESSOR_DEFINITIONS = (
					"DEBUG=1",
					"$(inherited)",
				);
				GCC_WARN_64_TO_32_BIT_CONVERSION = YES;
				GCC_WARN_ABOUT_RETURN_TYPE = YES_ERROR;
				GCC_WARN_UNDECLARED_SELECTOR = YES;
				GCC_WARN_UNINITIALIZED_AUTOS = YES_AGGRESSIVE;
				GCC_WARN_UNUSED_FUNCTION = YES;
				GCC_WARN_UNUSED_VARIABLE = YES;
				IPHONEOS_DEPLOYMENT_TARGET = 12.2;
				MTL_ENABLE_DEBUG_INFO = INCLUDE_SOURCE;
				MTL_FAST_MATH = YES;
				ONLY_ACTIVE_ARCH = YES;
				SDKROOT = iphoneos;
			};
			name = Debug;
		};
		E267A594227ED1B600A3BA92 /* Release */ = {
			isa = XCBuildConfiguration;
			buildSettings = {
				ALWAYS_SEARCH_USER_PATHS = NO;
				CLANG_ANALYZER_NONNULL = YES;
				CLANG_ANALYZER_NUMBER_OBJECT_CONVERSION = YES_AGGRESSIVE;
				CLANG_CXX_LANGUAGE_STANDARD = "gnu++14";
				CLANG_CXX_LIBRARY = "libc++";
				CLANG_ENABLE_MODULES = YES;
				CLANG_ENABLE_OBJC_ARC = YES;
				CLANG_ENABLE_OBJC_WEAK = YES;
				CLANG_WARN_BLOCK_CAPTURE_AUTORELEASING = YES;
				CLANG_WARN_BOOL_CONVERSION = YES;
				CLANG_WARN_COMMA = YES;
				CLANG_WARN_CONSTANT_CONVERSION = YES;
				CLANG_WARN_DEPRECATED_OBJC_IMPLEMENTATIONS = YES;
				CLANG_WARN_DIRECT_OBJC_ISA_USAGE = YES_ERROR;
				CLANG_WARN_DOCUMENTATION_COMMENTS = YES;
				CLANG_WARN_EMPTY_BODY = YES;
				CLANG_WARN_ENUM_CONVERSION = YES;
				CLANG_WARN_INFINITE_RECURSION = YES;
				CLANG_WARN_INT_CONVERSION = YES;
				CLANG_WARN_NON_LITERAL_NULL_CONVERSION = YES;
				CLANG_WARN_OBJC_IMPLICIT_RETAIN_SELF = YES;
				CLANG_WARN_OBJC_LITERAL_CONVERSION = YES;
				CLANG_WARN_OBJC_ROOT_CLASS = YES_ERROR;
				CLANG_WARN_RANGE_LOOP_ANALYSIS = YES;
				CLANG_WARN_STRICT_PROTOTYPES = YES;
				CLANG_WARN_SUSPICIOUS_MOVE = YES;
				CLANG_WARN_UNGUARDED_AVAILABILITY = YES_AGGRESSIVE;
				CLANG_WARN_UNREACHABLE_CODE = YES;
				CLANG_WARN__DUPLICATE_METHOD_MATCH = YES;
				CODE_SIGN_IDENTITY = "iPhone Developer";
				COPY_PHASE_STRIP = NO;
				DEBUG_INFORMATION_FORMAT = "dwarf-with-dsym";
				ENABLE_NS_ASSERTIONS = NO;
				ENABLE_STRICT_OBJC_MSGSEND = YES;
				GCC_C_LANGUAGE_STANDARD = gnu11;
				GCC_NO_COMMON_BLOCKS = YES;
				GCC_WARN_64_TO_32_BIT_CONVERSION = YES;
				GCC_WARN_ABOUT_RETURN_TYPE = YES_ERROR;
				GCC_WARN_UNDECLARED_SELECTOR = YES;
				GCC_WARN_UNINITIALIZED_AUTOS = YES_AGGRESSIVE;
				GCC_WARN_UNUSED_FUNCTION = YES;
				GCC_WARN_UNUSED_VARIABLE = YES;
				IPHONEOS_DEPLOYMENT_TARGET = 12.2;
				MTL_ENABLE_DEBUG_INFO = NO;
				MTL_FAST_MATH = YES;
				SDKROOT = iphoneos;
				VALIDATE_PRODUCT = YES;
			};
			name = Release;
		};
		E267A596227ED1B600A3BA92 /* Debug */ = {
			isa = XCBuildConfiguration;
			buildSettings = {
				ASSETCATALOG_COMPILER_APPICON_NAME = AppIcon;
				CODE_SIGN_STYLE = Automatic;
				INFOPLIST_FILE = demo/Info.plist;
				LD_RUNPATH_SEARCH_PATHS = (
					"$(inherited)",
					"@executable_path/Frameworks",
				);
				PRODUCT_BUNDLE_IDENTIFIER = com.dcjf.www.demo;
				PRODUCT_NAME = "$(TARGET_NAME)";
				TARGETED_DEVICE_FAMILY = "1,2";
			};
			name = Debug;
		};
		E267A597227ED1B600A3BA92 /* Release */ = {
			isa = XCBuildConfiguration;
			buildSettings = {
				ASSETCATALOG_COMPILER_APPICON_NAME = AppIcon;
				CODE_SIGN_STYLE = Automatic;
				INFOPLIST_FILE = demo/Info.plist;
				LD_RUNPATH_SEARCH_PATHS = (
					"$(inherited)",
					"@executable_path/Frameworks",
				);
				PRODUCT_BUNDLE_IDENTIFIER = com.dcjf.www.demo;
				PRODUCT_NAME = "$(TARGET_NAME)";
				TARGETED_DEVICE_FAMILY = "1,2";
			};
			name = Release;
		};
/* End XCBuildConfiguration section */

/* Begin XCConfigurationList section */
		E267A57A227ED1B500A3BA92 /* Build configuration list for PBXProject "demo" */ = {
			isa = XCConfigurationList;
			buildConfigurations = (
				E267A593227ED1B600A3BA92 /* Debug */,
				E267A594227ED1B600A3BA92 /* Release */,
			);
			defaultConfigurationIsVisible = 0;
			defaultConfigurationName = Release;
		};
		E267A595227ED1B600A3BA92 /* Build configuration list for PBXNativeTarget "demo" */ = {
			isa = XCConfigurationList;
			buildConfigurations = (
				E267A596227ED1B600A3BA92 /* Debug */,
				E267A597227ED1B600A3BA92 /* Release */,
			);
			defaultConfigurationIsVisible = 0;
			defaultConfigurationName = Release;
		};
/* End XCConfigurationList section */
	};
	rootObject = E267A577227ED1B500A3BA92 /* Project object */;
}
